# THIS IS AN AUTOGENERATED FILE. DO NOT EDIT THIS FILE DIRECTLY.
# yarn lockfile v1


"@types/jasmine@^3.5.8":
  version "3.5.8"
  resolved "https://registry.yarnpkg.com/@types/jasmine/-/jasmine-3.5.8.tgz#448e81df1693943b09466ad33d460dc427dd22fb"
  integrity sha512-q/L59BjgE6VJtuIM4iDEEwT7xdSWVHMqC+td9sft5RfgHpDZ4Gdn0vLV59wKZ7PjGuVLCL7aNCdoiw5u6ZKSgA==

typescript@^4.0.2:
  version "4.0.2"
  resolved "https://registry.yarnpkg.com/typescript/-/typescript-4.0.2.tgz#7ea7c88777c723c681e33bf7988be5d008d05ac2"
  integrity sha512-e4ERvRV2wb+rRZ/IQeb3jm2VxBsirQLpQhdxplZ2MEzGvDkkMmPglecnNDfSUBivMjP93vRbngYYDQqQ/78bcQ==
