# THIS IS AN AUTOGENERATED FILE. DO NOT EDIT THIS FILE DIRECTLY.
# yarn lockfile v1


"@types/jasmine@^3.5.8":
  version "3.5.14"
  resolved "https://registry.yarnpkg.com/@types/jasmine/-/jasmine-3.5.14.tgz#f41a14e8ffa939062a71cf9722e5ee7d4e1f94af"
  integrity sha512-Fkgk536sHPqcOtd+Ow+WiUNuk0TSo/BntKkF8wSvcd6M2FvPjeXcUE6Oz/bwDZiUZEaXLslAgw00Q94Pnx6T4w==

typescript@^4.0.2:
  version "4.1.4"
  resolved "https://registry.yarnpkg.com/typescript/-/typescript-4.1.4.tgz#f058636e2f4f83f94ddaae07b20fd5e14598432f"
  integrity sha512-+Uru0t8qIRgjuCpiSPpfGuhHecMllk5Zsazj5LZvVsEStEjmIRRBZe+jHjGQvsgS7M1wONy2PQXd67EMyV6acg==
